
Microsoft Visual Studio Solution File, Format Version 12.00
# Visual Studio Version 17
VisualStudioVersion = 17.9.34622.214
MinimumVisualStudioVersion = 10.0.40219.1
Project("{FAE04EC0-301F-11D3-BF4B-00C04F79EFBC}") = "ShapesLibrary", "ShapesLibrary\ShapesLibrary.csproj", "{66D07786-158F-4E56-8946-1CF637DE764B}"
EndProject
Project("{FAE04EC0-301F-11D3-BF4B-00C04F79EFBC}") = "ShapesLibrary.Tests", "ShapesLibrary.Tests\ShapesLibrary.Tests.csproj", "{96A1FCC3-F47D-4ADB-A5CA-CA866DF474F4}"
EndProject
Project("{FAE04EC0-301F-11D3-BF4B-00C04F79EFBC}") = "ShapesConsoleApp", "ShapesConsoleApp\ShapesConsoleApp.csproj", "{4F743103-AB05-4316-A7C9-3E79BE45FABB}"
EndProject
Global
	GlobalSection(SolutionConfigurationPlatforms) = preSolution
		Debug|Any CPU = Debug|Any CPU
		Release|Any CPU = Release|Any CPU
	EndGlobalSection
	GlobalSection(ProjectConfigurationPlatforms) = postSolution
		{66D07786-158F-4E56-8946-1CF637DE764B}.Debug|Any CPU.ActiveCfg = Debug|Any CPU
		{66D07786-158F-4E56-8946-1CF637DE764B}.Debug|Any CPU.Build.0 = Debug|Any CPU
		{66D07786-158F-4E56-8946-1CF637DE764B}.Release|Any CPU.ActiveCfg = Release|Any CPU
		{66D07786-158F-4E56-8946-1CF637DE764B}.Release|Any CPU.Build.0 = Release|Any CPU
		{96A1FCC3-F47D-4ADB-A5CA-CA866DF474F4}.Debug|Any CPU.ActiveCfg = Debug|Any CPU
		{96A1FCC3-F47D-4ADB-A5CA-CA866DF474F4}.Debug|Any CPU.Build.0 = Debug|Any CPU
		{96A1FCC3-F47D-4ADB-A5CA-CA866DF474F4}.Release|Any CPU.ActiveCfg = Release|Any CPU
		{96A1FCC3-F47D-4ADB-A5CA-CA866DF474F4}.Release|Any CPU.Build.0 = Release|Any CPU
		{4F743103-AB05-4316-A7C9-3E79BE45FABB}.Debug|Any CPU.ActiveCfg = Debug|Any CPU
		{4F743103-AB05-4316-A7C9-3E79BE45FABB}.Debug|Any CPU.Build.0 = Debug|Any CPU
		{4F743103-AB05-4316-A7C9-3E79BE45FABB}.Release|Any CPU.ActiveCfg = Release|Any CPU
		{4F743103-AB05-4316-A7C9-3E79BE45FABB}.Release|Any CPU.Build.0 = Release|Any CPU
	EndGlobalSection
	GlobalSection(SolutionProperties) = preSolution
		HideSolutionNode = FALSE
	EndGlobalSection
	GlobalSection(ExtensibilityGlobals) = postSolution
		SolutionGuid = {0FF0E7BA-10DF-4C47-A699-0E37F86C3CCF}
	EndGlobalSection
EndGlobal
